
Microsoft Visual Studio Solution File, Format Version 12.00
# Visual Studio Version 17
VisualStudioVersion = 17.3.32929.385
MinimumVisualStudioVersion = 10.0.40219.1
Project("{FAE04EC0-301F-11D3-BF4B-00C04F79EFBC}") = "InTai-Backup", "InTai-Backup\InTai-Backup.csproj", "{86BF284B-DEB9-4A1F-BB02-ED8FB531B943}"
EndProject
Global
	GlobalSection(SolutionConfigurationPlatforms) = preSolution
		Debug|Any CPU = Debug|Any CPU
		Release|Any CPU = Release|Any CPU
	EndGlobalSection
	GlobalSection(ProjectConfigurationPlatforms) = postSolution
		{86BF284B-DEB9-4A1F-BB02-ED8FB531B943}.Debug|Any CPU.ActiveCfg = Debug|Any CPU
		{86BF284B-DEB9-4A1F-BB02-ED8FB531B943}.Debug|Any CPU.Build.0 = Debug|Any CPU
		{86BF284B-DEB9-4A1F-BB02-ED8FB531B943}.Release|Any CPU.ActiveCfg = Release|Any CPU
		{86BF284B-DEB9-4A1F-BB02-ED8FB531B943}.Release|Any CPU.Build.0 = Release|Any CPU
	EndGlobalSection
	GlobalSection(SolutionProperties) = preSolution
		HideSolutionNode = FALSE
	EndGlobalSection
	GlobalSection(ExtensibilityGlobals) = postSolution
		SolutionGuid = {E3755579-65BD-41D3-8AC6-1164B8B19CFD}
	EndGlobalSection
EndGlobal
